// !$*UTF8*$!
{
	archiveVersion = 1;
	classes = {
	};
	objectVersion = 56;
	objects = {

/* Begin PBXBuildFile section */
		111036262A06813B00EEE11A /* AppDelegate.swift in Sources */ = {isa = PBXBuildFile; fileRef = 111036252A06813B00EEE11A /* AppDelegate.swift */; };
		111036282A06813B00EEE11A /* ViewController.swift in Sources */ = {isa = PBXBuildFile; fileRef = 111036272A06813B00EEE11A /* ViewController.swift */; };
		1110362D2A06813B00EEE11A /* Main.storyboard in Resources */ = {isa = PBXBuildFile; fileRef = 1110362B2A06813B00EEE11A /* Main.storyboard */; };
		111036322A06814300EEE11A /* LaunchScreen.storyboard in Resources */ = {isa = PBXBuildFile; fileRef = 111036302A06814300EEE11A /* LaunchScreen.storyboard */; };
		1110366A2A0B5C3B00EEE11A /* ModelScene.swift in Sources */ = {isa = PBXBuildFile; fileRef = 111036692A0B5C3B00EEE11A /* ModelScene.swift */; };
		1110366C2A0B61BD00EEE11A /* NodeExtension.swift in Sources */ = {isa = PBXBuildFile; fileRef = 1110366B2A0B61BD00EEE11A /* NodeExtension.swift */; };
		111036722A0BADF900EEE11A /* Models.swift in Sources */ = {isa = PBXBuildFile; fileRef = 111036712A0BADF900EEE11A /* Models.swift */; };
		11A39A2B2A0D0657006D5B8F /* crystal.dae in Resources */ = {isa = PBXBuildFile; fileRef = 11A39A2A2A0D0657006D5B8F /* crystal.dae */; };
		11A39A3C2A0E09D1006D5B8F /* Coin.dae in Resources */ = {isa = PBXBuildFile; fileRef = 11A39A3B2A0E09D0006D5B8F /* Coin.dae */; };
		11A39A412A0E6284006D5B8F /* Assets.xcassets in Resources */ = {isa = PBXBuildFile; fileRef = 11A39A402A0E6283006D5B8F /* Assets.xcassets */; };
/* End PBXBuildFile section */

/* Begin PBXFileReference section */
		111036222A06813B00EEE11A /* Mixar Ar Test.app */ = {isa = PBXFileReference; explicitFileType = wrapper.application; includeInIndex = 0; path = "Mixar Ar Test.app"; sourceTree = BUILT_PRODUCTS_DIR; };
		111036252A06813B00EEE11A /* AppDelegate.swift */ = {isa = PBXFileReference; lastKnownFileType = sourcecode.swift; path = AppDelegate.swift; sourceTree = "<group>"; };
		111036272A06813B00EEE11A /* ViewController.swift */ = {isa = PBXFileReference; lastKnownFileType = sourcecode.swift; path = ViewController.swift; sourceTree = "<group>"; };
		1110362C2A06813B00EEE11A /* Base */ = {isa = PBXFileReference; lastKnownFileType = file.storyboard; name = Base; path = Base.lproj/Main.storyboard; sourceTree = "<group>"; };
		111036312A06814300EEE11A /* Base */ = {isa = PBXFileReference; lastKnownFileType = file.storyboard; name = Base; path = Base.lproj/LaunchScreen.storyboard; sourceTree = "<group>"; };
		111036692A0B5C3B00EEE11A /* ModelScene.swift */ = {isa = PBXFileReference; lastKnownFileType = sourcecode.swift; path = ModelScene.swift; sourceTree = "<group>"; };
		1110366B2A0B61BD00EEE11A /* NodeExtension.swift */ = {isa = PBXFileReference; lastKnownFileType = sourcecode.swift; path = NodeExtension.swift; sourceTree = "<group>"; };
		1110366D2A0B764F00EEE11A /* Mixar-Ar-Test.plist */ = {isa = PBXFileReference; lastKnownFileType = text.plist.xml; name = "Mixar-Ar-Test.plist"; path = "Mixar Ar Test/Mixar-Ar-Test.plist"; sourceTree = SOURCE_ROOT; };
		111036712A0BADF900EEE11A /* Models.swift */ = {isa = PBXFileReference; lastKnownFileType = sourcecode.swift; path = Models.swift; sourceTree = "<group>"; };
		11A39A2A2A0D0657006D5B8F /* crystal.dae */ = {isa = PBXFileReference; fileEncoding = 4; lastKnownFileType = text.xml.dae; name = crystal.dae; path = "../../../../../../Downloads/model (1)/crystal.dae"; sourceTree = "<group>"; };
		11A39A302A0DFE9D006D5B8F /* Coin2_BaseColor.jpg.001.jpg */ = {isa = PBXFileReference; lastKnownFileType = image.jpeg; path = Coin2_BaseColor.jpg.001.jpg; sourceTree = "<group>"; };
		11A39A3B2A0E09D0006D5B8F /* Coin.dae */ = {isa = PBXFileReference; fileEncoding = 4; lastKnownFileType = text.xml.dae; name = Coin.dae; path = "../../../../../AR Models/Coin.dae"; sourceTree = "<group>"; };
		11A39A3F2A0E2CC9006D5B8F /* coin.wav */ = {isa = PBXFileReference; lastKnownFileType = audio.wav; path = coin.wav; sourceTree = "<group>"; };
		11A39A402A0E6283006D5B8F /* Assets.xcassets */ = {isa = PBXFileReference; lastKnownFileType = folder.assetcatalog; name = Assets.xcassets; path = ../Assets.xcassets; sourceTree = "<group>"; };
/* End PBXFileReference section */

/* Begin PBXFrameworksBuildPhase section */
		1110361F2A06813B00EEE11A /* Frameworks */ = {
			isa = PBXFrameworksBuildPhase;
			buildActionMask = 2147483647;
			files = (
			);
			runOnlyForDeploymentPostprocessing = 0;
		};
/* End PBXFrameworksBuildPhase section */

/* Begin PBXGroup section */
		111036192A06813B00EEE11A = {
			isa = PBXGroup;
			children = (
				111036242A06813B00EEE11A /* Mixar Ar Test */,
				111036232A06813B00EEE11A /* Products */,
			);
			sourceTree = "<group>";
		};
		111036232A06813B00EEE11A /* Products */ = {
			isa = PBXGroup;
			children = (
				111036222A06813B00EEE11A /* Mixar Ar Test.app */,
			);
			name = Products;
			sourceTree = "<group>";
		};
		111036242A06813B00EEE11A /* Mixar Ar Test */ = {
			isa = PBXGroup;
			children = (
				1110366D2A0B764F00EEE11A /* Mixar-Ar-Test.plist */,
				111036252A06813B00EEE11A /* AppDelegate.swift */,
				111036272A06813B00EEE11A /* ViewController.swift */,
				1110366B2A0B61BD00EEE11A /* NodeExtension.swift */,
				111036692A0B5C3B00EEE11A /* ModelScene.swift */,
				11A39A292A0CF96A006D5B8F /* Resources */,
				111036592A0929D100EEE11A /* Models */,
			);
			path = "Mixar Ar Test";
			sourceTree = "<group>";
		};
		111036592A0929D100EEE11A /* Models */ = {
			isa = PBXGroup;
			children = (
				11A39A2A2A0D0657006D5B8F /* crystal.dae */,
				111036712A0BADF900EEE11A /* Models.swift */,
				11A39A302A0DFE9D006D5B8F /* Coin2_BaseColor.jpg.001.jpg */,
				11A39A3B2A0E09D0006D5B8F /* Coin.dae */,
			);
			path = Models;
			sourceTree = "<group>";
		};
		11A39A292A0CF96A006D5B8F /* Resources */ = {
			isa = PBXGroup;
			children = (
				11A39A402A0E6283006D5B8F /* Assets.xcassets */,
				11A39A3F2A0E2CC9006D5B8F /* coin.wav */,
				1110362B2A06813B00EEE11A /* Main.storyboard */,
				111036302A06814300EEE11A /* LaunchScreen.storyboard */,
			);
			path = Resources;
			sourceTree = "<group>";
		};
/* End PBXGroup section */

/* Begin PBXNativeTarget section */
		111036212A06813B00EEE11A /* Mixar Ar Test */ = {
			isa = PBXNativeTarget;
			buildConfigurationList = 111036352A06814300EEE11A /* Build configuration list for PBXNativeTarget "Mixar Ar Test" */;
			buildPhases = (
				1110361E2A06813B00EEE11A /* Sources */,
				1110361F2A06813B00EEE11A /* Frameworks */,
				111036202A06813B00EEE11A /* Resources */,
			);
			buildRules = (
			);
			dependencies = (
			);
			name = "Mixar Ar Test";
			productName = "Mixar Ar Test";
			productReference = 111036222A06813B00EEE11A /* Mixar Ar Test.app */;
			productType = "com.apple.product-type.application";
		};
/* End PBXNativeTarget section */

/* Begin PBXProject section */
		1110361A2A06813B00EEE11A /* Project object */ = {
			isa = PBXProject;
			attributes = {
				BuildIndependentTargetsInParallel = 1;
				LastSwiftUpdateCheck = 1420;
				LastUpgradeCheck = 1420;
				TargetAttributes = {
					111036212A06813B00EEE11A = {
						CreatedOnToolsVersion = 14.2;
					};
				};
			};
			buildConfigurationList = 1110361D2A06813B00EEE11A /* Build configuration list for PBXProject "Mixar Ar Test" */;
			compatibilityVersion = "Xcode 14.0";
			developmentRegion = en;
			hasScannedForEncodings = 0;
			knownRegions = (
				en,
				Base,
			);
			mainGroup = 111036192A06813B00EEE11A;
			productRefGroup = 111036232A06813B00EEE11A /* Products */;
			projectDirPath = "";
			projectRoot = "";
			targets = (
				111036212A06813B00EEE11A /* Mixar Ar Test */,
			);
		};
/* End PBXProject section */

/* Begin PBXResourcesBuildPhase section */
		111036202A06813B00EEE11A /* Resources */ = {
			isa = PBXResourcesBuildPhase;
			buildActionMask = 2147483647;
			files = (
				111036322A06814300EEE11A /* LaunchScreen.storyboard in Resources */,
				11A39A2B2A0D0657006D5B8F /* crystal.dae in Resources */,
				11A39A3C2A0E09D1006D5B8F /* Coin.dae in Resources */,
				1110362D2A06813B00EEE11A /* Main.storyboard in Resources */,
				11A39A412A0E6284006D5B8F /* Assets.xcassets in Resources */,
			);
			runOnlyForDeploymentPostprocessing = 0;
		};
/* End PBXResourcesBuildPhase section */

/* Begin PBXSourcesBuildPhase section */
		1110361E2A06813B00EEE11A /* Sources */ = {
			isa = PBXSourcesBuildPhase;
			buildActionMask = 2147483647;
			files = (
				1110366A2A0B5C3B00EEE11A /* ModelScene.swift in Sources */,
				111036722A0BADF900EEE11A /* Models.swift in Sources */,
				1110366C2A0B61BD00EEE11A /* NodeExtension.swift in Sources */,
				111036282A06813B00EEE11A /* ViewController.swift in Sources */,
				111036262A06813B00EEE11A /* AppDelegate.swift in Sources */,
			);
			runOnlyForDeploymentPostprocessing = 0;
		};
/* End PBXSourcesBuildPhase section */

/* Begin PBXVariantGroup section */
		1110362B2A06813B00EEE11A /* Main.storyboard */ = {
			isa = PBXVariantGroup;
			children = (
				1110362C2A06813B00EEE11A /* Base */,
			);
			name = Main.storyboard;
			sourceTree = "<group>";
		};
		111036302A06814300EEE11A /* LaunchScreen.storyboard */ = {
			isa = PBXVariantGroup;
			children = (
				111036312A06814300EEE11A /* Base */,
			);
			name = LaunchScreen.storyboard;
			sourceTree = "<group>";
		};
/* End PBXVariantGroup section */

/* Begin XCBuildConfiguration section */
		111036332A06814300EEE11A /* Debug */ = {
			isa = XCBuildConfiguration;
			buildSettings = {
				ALWAYS_SEARCH_USER_PATHS = NO;
				CLANG_ANALYZER_NONNULL = YES;
				CLANG_ANALYZER_NUMBER_OBJECT_CONVERSION = YES_AGGRESSIVE;
				CLANG_CXX_LANGUAGE_STANDARD = "gnu++20";
				CLANG_ENABLE_MODULES = YES;
				CLANG_ENABLE_OBJC_ARC = YES;
				CLANG_ENABLE_OBJC_WEAK = YES;
				CLANG_WARN_BLOCK_CAPTURE_AUTORELEASING = YES;
				CLANG_WARN_BOOL_CONVERSION = YES;
				CLANG_WARN_COMMA = YES;
				CLANG_WARN_CONSTANT_CONVERSION = YES;
				CLANG_WARN_DEPRECATED_OBJC_IMPLEMENTATIONS = YES;
				CLANG_WARN_DIRECT_OBJC_ISA_USAGE = YES_ERROR;
				CLANG_WARN_DOCUMENTATION_COMMENTS = YES;
				CLANG_WARN_EMPTY_BODY = YES;
				CLANG_WARN_ENUM_CONVERSION = YES;
				CLANG_WARN_INFINITE_RECURSION = YES;
				CLANG_WARN_INT_CONVERSION = YES;
				CLANG_WARN_NON_LITERAL_NULL_CONVERSION = YES;
				CLANG_WARN_OBJC_IMPLICIT_RETAIN_SELF = YES;
				CLANG_WARN_OBJC_LITERAL_CONVERSION = YES;
				CLANG_WARN_OBJC_ROOT_CLASS = YES_ERROR;
				CLANG_WARN_QUOTED_INCLUDE_IN_FRAMEWORK_HEADER = YES;
				CLANG_WARN_RANGE_LOOP_ANALYSIS = YES;
				CLANG_WARN_STRICT_PROTOTYPES = YES;
				CLANG_WARN_SUSPICIOUS_MOVE = YES;
				CLANG_WARN_UNGUARDED_AVAILABILITY = YES_AGGRESSIVE;
				CLANG_WARN_UNREACHABLE_CODE = YES;
				CLANG_WARN__DUPLICATE_METHOD_MATCH = YES;
				COPY_PHASE_STRIP = NO;
				DEBUG_INFORMATION_FORMAT = dwarf;
				ENABLE_STRICT_OBJC_MSGSEND = YES;
				ENABLE_TESTABILITY = YES;
				GCC_C_LANGUAGE_STANDARD = gnu11;
				GCC_DYNAMIC_NO_PIC = NO;
				GCC_NO_COMMON_BLOCKS = YES;
				GCC_OPTIMIZATION_LEVEL = 0;
				GCC_PREPROCESSOR_DEFINITIONS = (
					"DEBUG=1",
					"$(inherited)",
				);
				GCC_WARN_64_TO_32_BIT_CONVERSION = YES;
				GCC_WARN_ABOUT_RETURN_TYPE = YES_ERROR;
				GCC_WARN_UNDECLARED_SELECTOR = YES;
				GCC_WARN_UNINITIALIZED_AUTOS = YES_AGGRESSIVE;
				GCC_WARN_UNUSED_FUNCTION = YES;
				GCC_WARN_UNUSED_VARIABLE = YES;
				IPHONEOS_DEPLOYMENT_TARGET = 16.2;
				MTL_ENABLE_DEBUG_INFO = INCLUDE_SOURCE;
				MTL_FAST_MATH = YES;
				ONLY_ACTIVE_ARCH = YES;
				SDKROOT = iphoneos;
				SWIFT_ACTIVE_COMPILATION_CONDITIONS = DEBUG;
				SWIFT_OPTIMIZATION_LEVEL = "-Onone";
			};
			name = Debug;
		};
		111036342A06814300EEE11A /* Release */ = {
			isa = XCBuildConfiguration;
			buildSettings = {
				ALWAYS_SEARCH_USER_PATHS = NO;
				CLANG_ANALYZER_NONNULL = YES;
				CLANG_ANALYZER_NUMBER_OBJECT_CONVERSION = YES_AGGRESSIVE;
				CLANG_CXX_LANGUAGE_STANDARD = "gnu++20";
				CLANG_ENABLE_MODULES = YES;
				CLANG_ENABLE_OBJC_ARC = YES;
				CLANG_ENABLE_OBJC_WEAK = YES;
				CLANG_WARN_BLOCK_CAPTURE_AUTORELEASING = YES;
				CLANG_WARN_BOOL_CONVERSION = YES;
				CLANG_WARN_COMMA = YES;
				CLANG_WARN_CONSTANT_CONVERSION = YES;
				CLANG_WARN_DEPRECATED_OBJC_IMPLEMENTATIONS = YES;
				CLANG_WARN_DIRECT_OBJC_ISA_USAGE = YES_ERROR;
				CLANG_WARN_DOCUMENTATION_COMMENTS = YES;
				CLANG_WARN_EMPTY_BODY = YES;
				CLANG_WARN_ENUM_CONVERSION = YES;
				CLANG_WARN_INFINITE_RECURSION = YES;
				CLANG_WARN_INT_CONVERSION = YES;
				CLANG_WARN_NON_LITERAL_NULL_CONVERSION = YES;
				CLANG_WARN_OBJC_IMPLICIT_RETAIN_SELF = YES;
				CLANG_WARN_OBJC_LITERAL_CONVERSION = YES;
				CLANG_WARN_OBJC_ROOT_CLASS = YES_ERROR;
				CLANG_WARN_QUOTED_INCLUDE_IN_FRAMEWORK_HEADER = YES;
				CLANG_WARN_RANGE_LOOP_ANALYSIS = YES;
				CLANG_WARN_STRICT_PROTOTYPES = YES;
				CLANG_WARN_SUSPICIOUS_MOVE = YES;
				CLANG_WARN_UNGUARDED_AVAILABILITY = YES_AGGRESSIVE;
				CLANG_WARN_UNREACHABLE_CODE = YES;
				CLANG_WARN__DUPLICATE_METHOD_MATCH = YES;
				COPY_PHASE_STRIP = NO;
				DEBUG_INFORMATION_FORMAT = "dwarf-with-dsym";
				ENABLE_NS_ASSERTIONS = NO;
				ENABLE_STRICT_OBJC_MSGSEND = YES;
				GCC_C_LANGUAGE_STANDARD = gnu11;
				GCC_NO_COMMON_BLOCKS = YES;
				GCC_WARN_64_TO_32_BIT_CONVERSION = YES;
				GCC_WARN_ABOUT_RETURN_TYPE = YES_ERROR;
				GCC_WARN_UNDECLARED_SELECTOR = YES;
				GCC_WARN_UNINITIALIZED_AUTOS = YES_AGGRESSIVE;
				GCC_WARN_UNUSED_FUNCTION = YES;
				GCC_WARN_UNUSED_VARIABLE = YES;
				IPHONEOS_DEPLOYMENT_TARGET = 16.2;
				MTL_ENABLE_DEBUG_INFO = NO;
				MTL_FAST_MATH = YES;
				SDKROOT = iphoneos;
				SWIFT_COMPILATION_MODE = wholemodule;
				SWIFT_OPTIMIZATION_LEVEL = "-O";
				VALIDATE_PRODUCT = YES;
			};
			name = Release;
		};
		111036362A06814300EEE11A /* Debug */ = {
			isa = XCBuildConfiguration;
			buildSettings = {
				ASSETCATALOG_COMPILER_APPICON_NAME = AppIcon;
				ASSETCATALOG_COMPILER_GLOBAL_ACCENT_COLOR_NAME = AccentColor;
				CODE_SIGN_STYLE = Automatic;
				CURRENT_PROJECT_VERSION = 1;
				DEVELOPMENT_TEAM = 74M7H6VJ5K;
				GENERATE_INFOPLIST_FILE = YES;
				INFOPLIST_FILE = "Mixar-Ar-Test-Info.plist";
				INFOPLIST_KEY_NSCameraUsageDescription = "This application will use the camera for Augmented Reality.";
				INFOPLIST_KEY_UIApplicationSupportsIndirectInputEvents = YES;
				INFOPLIST_KEY_UILaunchStoryboardName = LaunchScreen;
				INFOPLIST_KEY_UIMainStoryboardFile = Main;
				INFOPLIST_KEY_UIRequiredDeviceCapabilities = "armv7 arkit";
				INFOPLIST_KEY_UIStatusBarHidden = YES;
				INFOPLIST_KEY_UISupportedInterfaceOrientations_iPad = "UIInterfaceOrientationPortrait UIInterfaceOrientationPortraitUpsideDown UIInterfaceOrientationLandscapeLeft UIInterfaceOrientationLandscapeRight";
				INFOPLIST_KEY_UISupportedInterfaceOrientations_iPhone = "UIInterfaceOrientationPortrait UIInterfaceOrientationLandscapeLeft UIInterfaceOrientationLandscapeRight";
				IPHONEOS_DEPLOYMENT_TARGET = 14.2;
				LD_RUNPATH_SEARCH_PATHS = (
					"$(inherited)",
					"@executable_path/Frameworks",
				);
				MARKETING_VERSION = 1.0;
				PRODUCT_BUNDLE_IDENTIFIER = "FoxyWind.Mixar-Ar-Test";
				PRODUCT_NAME = "$(TARGET_NAME)";
				SWIFT_EMIT_LOC_STRINGS = YES;
				SWIFT_VERSION = 5.0;
				TARGETED_DEVICE_FAMILY = "1,2";
			};
			name = Debug;
		};
		111036372A06814300EEE11A /* Release */ = {
			isa = XCBuildConfiguration;
			buildSettings = {
				ASSETCATALOG_COMPILER_APPICON_NAME = AppIcon;
				ASSETCATALOG_COMPILER_GLOBAL_ACCENT_COLOR_NAME = AccentColor;
				CODE_SIGN_STYLE = Automatic;
				CURRENT_PROJECT_VERSION = 1;
				DEVELOPMENT_TEAM = 74M7H6VJ5K;
				GENERATE_INFOPLIST_FILE = YES;
				INFOPLIST_FILE = "Mixar-Ar-Test-Info.plist";
				INFOPLIST_KEY_NSCameraUsageDescription = "This application will use the camera for Augmented Reality.";
				INFOPLIST_KEY_UIApplicationSupportsIndirectInputEvents = YES;
				INFOPLIST_KEY_UILaunchStoryboardName = LaunchScreen;
				INFOPLIST_KEY_UIMainStoryboardFile = Main;
				INFOPLIST_KEY_UIRequiredDeviceCapabilities = "armv7 arkit";
				INFOPLIST_KEY_UIStatusBarHidden = YES;
				INFOPLIST_KEY_UISupportedInterfaceOrientations_iPad = "UIInterfaceOrientationPortrait UIInterfaceOrientationPortraitUpsideDown UIInterfaceOrientationLandscapeLeft UIInterfaceOrientationLandscapeRight";
				INFOPLIST_KEY_UISupportedInterfaceOrientations_iPhone = "UIInterfaceOrientationPortrait UIInterfaceOrientationLandscapeLeft UIInterfaceOrientationLandscapeRight";
				IPHONEOS_DEPLOYMENT_TARGET = 14.2;
				LD_RUNPATH_SEARCH_PATHS = (
					"$(inherited)",
					"@executable_path/Frameworks",
				);
				MARKETING_VERSION = 1.0;
				PRODUCT_BUNDLE_IDENTIFIER = "FoxyWind.Mixar-Ar-Test";
				PRODUCT_NAME = "$(TARGET_NAME)";
				SWIFT_EMIT_LOC_STRINGS = YES;
				SWIFT_VERSION = 5.0;
				TARGETED_DEVICE_FAMILY = "1,2";
			};
			name = Release;
		};
/* End XCBuildConfiguration section */

/* Begin XCConfigurationList section */
		1110361D2A06813B00EEE11A /* Build configuration list for PBXProject "Mixar Ar Test" */ = {
			isa = XCConfigurationList;
			buildConfigurations = (
				111036332A06814300EEE11A /* Debug */,
				111036342A06814300EEE11A /* Release */,
			);
			defaultConfigurationIsVisible = 0;
			defaultConfigurationName = Release;
		};
		111036352A06814300EEE11A /* Build configuration list for PBXNativeTarget "Mixar Ar Test" */ = {
			isa = XCConfigurationList;
			buildConfigurations = (
				111036362A06814300EEE11A /* Debug */,
				111036372A06814300EEE11A /* Release */,
			);
			defaultConfigurationIsVisible = 0;
			defaultConfigurationName = Release;
		};
/* End XCConfigurationList section */
	};
	rootObject = 1110361A2A06813B00EEE11A /* Project object */;
}
